
Microsoft Visual Studio Solution File, Format Version 12.00
# Visual Studio Version 17
VisualStudioVersion = 17.13.35931.197 d17.13
MinimumVisualStudioVersion = 10.0.40219.1
Project("{FAE04EC0-301F-11D3-BF4B-00C04F79EFBC}") = "SteerAssessment", "SteerAssessment\SteerAssessment.csproj", "{BB6533A6-AA91-49D9-8E08-E5E21A5BEDE9}"
EndProject
Global
	GlobalSection(SolutionConfigurationPlatforms) = preSolution
		Debug|Any CPU = Debug|Any CPU
		Release|Any CPU = Release|Any CPU
	EndGlobalSection
	GlobalSection(ProjectConfigurationPlatforms) = postSolution
		{BB6533A6-AA91-49D9-8E08-E5E21A5BEDE9}.Debug|Any CPU.ActiveCfg = Debug|Any CPU
		{BB6533A6-AA91-49D9-8E08-E5E21A5BEDE9}.Debug|Any CPU.Build.0 = Debug|Any CPU
		{BB6533A6-AA91-49D9-8E08-E5E21A5BEDE9}.Release|Any CPU.ActiveCfg = Release|Any CPU
		{BB6533A6-AA91-49D9-8E08-E5E21A5BEDE9}.Release|Any CPU.Build.0 = Release|Any CPU
	EndGlobalSection
	GlobalSection(SolutionProperties) = preSolution
		HideSolutionNode = FALSE
	EndGlobalSection
	GlobalSection(ExtensibilityGlobals) = postSolution
		SolutionGuid = {EF9AF268-8AD7-4AEB-BEE4-08BBA0175CD2}
	EndGlobalSection
EndGlobal
